
Microsoft Visual Studio Solution File, Format Version 12.00
# Visual Studio 15
VisualStudioVersion = 15.0.28307.102
MinimumVisualStudioVersion = 10.0.40219.1
Project("{FAE04EC0-301F-11D3-BF4B-00C04F79EFBC}") = "Infantry.Common", "Infantry.Common\Infantry.Common.csproj", "{2D290BCD-0604-4BF1-8825-839B95AB9EE2}"
EndProject
Project("{FAE04EC0-301F-11D3-BF4B-00C04F79EFBC}") = "Infantry.Tests", "Infantry.Tests\Infantry.Tests.csproj", "{D1E833E9-4A61-44D1-8F58-14187C148FAE}"
EndProject
Project("{FAE04EC0-301F-11D3-BF4B-00C04F79EFBC}") = "Infantry.Client", "Infantry.Client\Infantry.Client.csproj", "{26F7530E-D4B7-46A7-8FA6-50C840405BA2}"
EndProject
Global
	GlobalSection(SolutionConfigurationPlatforms) = preSolution
		Debug|Any CPU = Debug|Any CPU
		Release|Any CPU = Release|Any CPU
	EndGlobalSection
	GlobalSection(ProjectConfigurationPlatforms) = postSolution
		{2D290BCD-0604-4BF1-8825-839B95AB9EE2}.Debug|Any CPU.ActiveCfg = Debug|Any CPU
		{2D290BCD-0604-4BF1-8825-839B95AB9EE2}.Debug|Any CPU.Build.0 = Debug|Any CPU
		{2D290BCD-0604-4BF1-8825-839B95AB9EE2}.Release|Any CPU.ActiveCfg = Release|Any CPU
		{2D290BCD-0604-4BF1-8825-839B95AB9EE2}.Release|Any CPU.Build.0 = Release|Any CPU
		{D1E833E9-4A61-44D1-8F58-14187C148FAE}.Debug|Any CPU.ActiveCfg = Debug|Any CPU
		{D1E833E9-4A61-44D1-8F58-14187C148FAE}.Debug|Any CPU.Build.0 = Debug|Any CPU
		{D1E833E9-4A61-44D1-8F58-14187C148FAE}.Release|Any CPU.ActiveCfg = Release|Any CPU
		{D1E833E9-4A61-44D1-8F58-14187C148FAE}.Release|Any CPU.Build.0 = Release|Any CPU
		{26F7530E-D4B7-46A7-8FA6-50C840405BA2}.Debug|Any CPU.ActiveCfg = Debug|Any CPU
		{26F7530E-D4B7-46A7-8FA6-50C840405BA2}.Debug|Any CPU.Build.0 = Debug|Any CPU
		{26F7530E-D4B7-46A7-8FA6-50C840405BA2}.Release|Any CPU.ActiveCfg = Release|Any CPU
		{26F7530E-D4B7-46A7-8FA6-50C840405BA2}.Release|Any CPU.Build.0 = Release|Any CPU
	EndGlobalSection
	GlobalSection(SolutionProperties) = preSolution
		HideSolutionNode = FALSE
	EndGlobalSection
	GlobalSection(ExtensibilityGlobals) = postSolution
		SolutionGuid = {B38D99FE-E506-40FC-B8FE-9ED2170EC0A8}
	EndGlobalSection
EndGlobal
